// !$*UTF8*$!
{
	archiveVersion = 1;
	classes = {
	};
	objectVersion = 56;
	objects = {

/* Begin PBXBuildFile section */
		073231EF2AD3C23A003214D2 /* GamesView.swift in Sources */ = {isa = PBXBuildFile; fileRef = 073231EE2AD3C23A003214D2 /* GamesView.swift */; };
		076444A92ACD1C0200E39F12 /* iScoreApp.swift in Sources */ = {isa = PBXBuildFile; fileRef = 076444A82ACD1C0200E39F12 /* iScoreApp.swift */; };
		076444AB2ACD1C0200E39F12 /* HomeView.swift in Sources */ = {isa = PBXBuildFile; fileRef = 076444AA2ACD1C0200E39F12 /* HomeView.swift */; };
		076444AD2ACD1C0200E39F12 /* Game.swift in Sources */ = {isa = PBXBuildFile; fileRef = 076444AC2ACD1C0200E39F12 /* Game.swift */; };
		076444AF2ACD1C0500E39F12 /* Assets.xcassets in Resources */ = {isa = PBXBuildFile; fileRef = 076444AE2ACD1C0500E39F12 /* Assets.xcassets */; };
		076444B22ACD1C0500E39F12 /* Preview Assets.xcassets in Resources */ = {isa = PBXBuildFile; fileRef = 076444B12ACD1C0500E39F12 /* Preview Assets.xcassets */; };
		07D9DD772AD3787B00EA6D90 /* NewGameView.swift in Sources */ = {isa = PBXBuildFile; fileRef = 07D9DD762AD3787B00EA6D90 /* NewGameView.swift */; };
		07D9DD792AD3819E00EA6D90 /* GameView.swift in Sources */ = {isa = PBXBuildFile; fileRef = 07D9DD782AD3819E00EA6D90 /* GameView.swift */; };
		3E193B6C2B6D8AC5008F41D7 /* AddGameScoreView.swift in Sources */ = {isa = PBXBuildFile; fileRef = 3E193B6B2B6D8AC5008F41D7 /* AddGameScoreView.swift */; };
		3E2F8CA82B7C55C8003468F0 /* NewPlayerView.swift in Sources */ = {isa = PBXBuildFile; fileRef = 3E2F8CA72B7C55C8003468F0 /* NewPlayerView.swift */; };
		3E2F8CAE2B7D9EE4003468F0 /* Previewer.swift in Sources */ = {isa = PBXBuildFile; fileRef = 3E2F8CAD2B7D9EE4003468F0 /* Previewer.swift */; };
		3EA4184E2B995AE900905C9B /* InfoView.swift in Sources */ = {isa = PBXBuildFile; fileRef = 3EA4184D2B995AE900905C9B /* InfoView.swift */; };
		3EA418502B996C5500905C9B /* Config.swift in Sources */ = {isa = PBXBuildFile; fileRef = 3EA4184F2B996C5500905C9B /* Config.swift */; };
		3EF472A72B756DF80018276A /* EditScoreView.swift in Sources */ = {isa = PBXBuildFile; fileRef = 3EF472A62B756DF80018276A /* EditScoreView.swift */; };
		3EF472C92B769F130018276A /* HallOfFameView.swift in Sources */ = {isa = PBXBuildFile; fileRef = 3EF472C82B769F130018276A /* HallOfFameView.swift */; };
		3EF472CD2B76CC030018276A /* Player.swift in Sources */ = {isa = PBXBuildFile; fileRef = 3EF472CC2B76CC030018276A /* Player.swift */; };
/* End PBXBuildFile section */

/* Begin PBXFileReference section */
		073231EE2AD3C23A003214D2 /* GamesView.swift */ = {isa = PBXFileReference; lastKnownFileType = sourcecode.swift; path = GamesView.swift; sourceTree = "<group>"; };
		076444A52ACD1C0200E39F12 /* iScore.app */ = {isa = PBXFileReference; explicitFileType = wrapper.application; includeInIndex = 0; path = iScore.app; sourceTree = BUILT_PRODUCTS_DIR; };
		076444A82ACD1C0200E39F12 /* iScoreApp.swift */ = {isa = PBXFileReference; lastKnownFileType = sourcecode.swift; path = iScoreApp.swift; sourceTree = "<group>"; };
		076444AA2ACD1C0200E39F12 /* HomeView.swift */ = {isa = PBXFileReference; lastKnownFileType = sourcecode.swift; path = HomeView.swift; sourceTree = "<group>"; };
		076444AC2ACD1C0200E39F12 /* Game.swift */ = {isa = PBXFileReference; lastKnownFileType = sourcecode.swift; path = Game.swift; sourceTree = "<group>"; };
		076444AE2ACD1C0500E39F12 /* Assets.xcassets */ = {isa = PBXFileReference; lastKnownFileType = folder.assetcatalog; path = Assets.xcassets; sourceTree = "<group>"; };
		076444B12ACD1C0500E39F12 /* Preview Assets.xcassets */ = {isa = PBXFileReference; lastKnownFileType = folder.assetcatalog; path = "Preview Assets.xcassets"; sourceTree = "<group>"; };
		07D9DD762AD3787B00EA6D90 /* NewGameView.swift */ = {isa = PBXFileReference; lastKnownFileType = sourcecode.swift; path = NewGameView.swift; sourceTree = "<group>"; };
		07D9DD782AD3819E00EA6D90 /* GameView.swift */ = {isa = PBXFileReference; lastKnownFileType = sourcecode.swift; path = GameView.swift; sourceTree = "<group>"; };
		3E193B6B2B6D8AC5008F41D7 /* AddGameScoreView.swift */ = {isa = PBXFileReference; lastKnownFileType = sourcecode.swift; path = AddGameScoreView.swift; sourceTree = "<group>"; };
		3E2F8CA72B7C55C8003468F0 /* NewPlayerView.swift */ = {isa = PBXFileReference; lastKnownFileType = sourcecode.swift; path = NewPlayerView.swift; sourceTree = "<group>"; };
		3E2F8CAD2B7D9EE4003468F0 /* Previewer.swift */ = {isa = PBXFileReference; lastKnownFileType = sourcecode.swift; path = Previewer.swift; sourceTree = "<group>"; };
		3EA4184D2B995AE900905C9B /* InfoView.swift */ = {isa = PBXFileReference; lastKnownFileType = sourcecode.swift; path = InfoView.swift; sourceTree = "<group>"; };
		3EA4184F2B996C5500905C9B /* Config.swift */ = {isa = PBXFileReference; lastKnownFileType = sourcecode.swift; path = Config.swift; sourceTree = "<group>"; };
		3EF472A62B756DF80018276A /* EditScoreView.swift */ = {isa = PBXFileReference; lastKnownFileType = sourcecode.swift; path = EditScoreView.swift; sourceTree = "<group>"; };
		3EF472C82B769F130018276A /* HallOfFameView.swift */ = {isa = PBXFileReference; lastKnownFileType = sourcecode.swift; path = HallOfFameView.swift; sourceTree = "<group>"; };
		3EF472CC2B76CC030018276A /* Player.swift */ = {isa = PBXFileReference; lastKnownFileType = sourcecode.swift; path = Player.swift; sourceTree = "<group>"; };
/* End PBXFileReference section */

/* Begin PBXFrameworksBuildPhase section */
		076444A22ACD1C0200E39F12 /* Frameworks */ = {
			isa = PBXFrameworksBuildPhase;
			buildActionMask = 2147483647;
			files = (
			);
			runOnlyForDeploymentPostprocessing = 0;
		};
/* End PBXFrameworksBuildPhase section */

/* Begin PBXGroup section */
		0764449C2ACD1C0200E39F12 = {
			isa = PBXGroup;
			children = (
				076444A72ACD1C0200E39F12 /* iScore */,
				076444A62ACD1C0200E39F12 /* Products */,
			);
			sourceTree = "<group>";
		};
		076444A62ACD1C0200E39F12 /* Products */ = {
			isa = PBXGroup;
			children = (
				076444A52ACD1C0200E39F12 /* iScore.app */,
			);
			name = Products;
			sourceTree = "<group>";
		};
		076444A72ACD1C0200E39F12 /* iScore */ = {
			isa = PBXGroup;
			children = (
				076444A82ACD1C0200E39F12 /* iScoreApp.swift */,
				3EF472CB2B769F580018276A /* Model */,
				3EF472CA2B769F2B0018276A /* Views */,
				076444B02ACD1C0500E39F12 /* Preview Content */,
				076444AE2ACD1C0500E39F12 /* Assets.xcassets */,
			);
			path = iScore;
			sourceTree = "<group>";
		};
		076444B02ACD1C0500E39F12 /* Preview Content */ = {
			isa = PBXGroup;
			children = (
				076444B12ACD1C0500E39F12 /* Preview Assets.xcassets */,
			);
			path = "Preview Content";
			sourceTree = "<group>";
		};
		3EF472CA2B769F2B0018276A /* Views */ = {
			isa = PBXGroup;
			children = (
				076444AA2ACD1C0200E39F12 /* HomeView.swift */,
				07D9DD782AD3819E00EA6D90 /* GameView.swift */,
				073231EE2AD3C23A003214D2 /* GamesView.swift */,
				07D9DD762AD3787B00EA6D90 /* NewGameView.swift */,
				3E2F8CA72B7C55C8003468F0 /* NewPlayerView.swift */,
				3E193B6B2B6D8AC5008F41D7 /* AddGameScoreView.swift */,
				3EF472A62B756DF80018276A /* EditScoreView.swift */,
				3EF472C82B769F130018276A /* HallOfFameView.swift */,
				3EA4184D2B995AE900905C9B /* InfoView.swift */,
				3E2F8CAD2B7D9EE4003468F0 /* Previewer.swift */,
			);
			path = Views;
			sourceTree = "<group>";
		};
		3EF472CB2B769F580018276A /* Model */ = {
			isa = PBXGroup;
			children = (
				076444AC2ACD1C0200E39F12 /* Game.swift */,
				3EA4184F2B996C5500905C9B /* Config.swift */,
				3EF472CC2B76CC030018276A /* Player.swift */,
			);
			path = Model;
			sourceTree = "<group>";
		};
/* End PBXGroup section */

/* Begin PBXNativeTarget section */
		076444A42ACD1C0200E39F12 /* iScore */ = {
			isa = PBXNativeTarget;
			buildConfigurationList = 076444B52ACD1C0500E39F12 /* Build configuration list for PBXNativeTarget "iScore" */;
			buildPhases = (
				076444A12ACD1C0200E39F12 /* Sources */,
				076444A22ACD1C0200E39F12 /* Frameworks */,
				076444A32ACD1C0200E39F12 /* Resources */,
			);
			buildRules = (
			);
			dependencies = (
			);
			name = iScore;
			packageProductDependencies = (
			);
			productName = iScore;
			productReference = 076444A52ACD1C0200E39F12 /* iScore.app */;
			productType = "com.apple.product-type.application";
		};
/* End PBXNativeTarget section */

/* Begin PBXProject section */
		0764449D2ACD1C0200E39F12 /* Project object */ = {
			isa = PBXProject;
			attributes = {
				BuildIndependentTargetsInParallel = 1;
				LastSwiftUpdateCheck = 1500;
				LastUpgradeCheck = 1500;
				TargetAttributes = {
					076444A42ACD1C0200E39F12 = {
						CreatedOnToolsVersion = 15.0;
					};
				};
			};
			buildConfigurationList = 076444A02ACD1C0200E39F12 /* Build configuration list for PBXProject "iScore" */;
			compatibilityVersion = "Xcode 14.0";
			developmentRegion = en;
			hasScannedForEncodings = 0;
			knownRegions = (
				en,
				Base,
			);
			mainGroup = 0764449C2ACD1C0200E39F12;
			packageReferences = (
			);
			productRefGroup = 076444A62ACD1C0200E39F12 /* Products */;
			projectDirPath = "";
			projectRoot = "";
			targets = (
				076444A42ACD1C0200E39F12 /* iScore */,
			);
		};
/* End PBXProject section */

/* Begin PBXResourcesBuildPhase section */
		076444A32ACD1C0200E39F12 /* Resources */ = {
			isa = PBXResourcesBuildPhase;
			buildActionMask = 2147483647;
			files = (
				076444B22ACD1C0500E39F12 /* Preview Assets.xcassets in Resources */,
				076444AF2ACD1C0500E39F12 /* Assets.xcassets in Resources */,
			);
			runOnlyForDeploymentPostprocessing = 0;
		};
/* End PBXResourcesBuildPhase section */

/* Begin PBXSourcesBuildPhase section */
		076444A12ACD1C0200E39F12 /* Sources */ = {
			isa = PBXSourcesBuildPhase;
			buildActionMask = 2147483647;
			files = (
				3E193B6C2B6D8AC5008F41D7 /* AddGameScoreView.swift in Sources */,
				073231EF2AD3C23A003214D2 /* GamesView.swift in Sources */,
				076444AB2ACD1C0200E39F12 /* HomeView.swift in Sources */,
				3EA418502B996C5500905C9B /* Config.swift in Sources */,
				3E2F8CAE2B7D9EE4003468F0 /* Previewer.swift in Sources */,
				076444AD2ACD1C0200E39F12 /* Game.swift in Sources */,
				3EA4184E2B995AE900905C9B /* InfoView.swift in Sources */,
				3EF472C92B769F130018276A /* HallOfFameView.swift in Sources */,
				3EF472A72B756DF80018276A /* EditScoreView.swift in Sources */,
				076444A92ACD1C0200E39F12 /* iScoreApp.swift in Sources */,
				07D9DD792AD3819E00EA6D90 /* GameView.swift in Sources */,
				3E2F8CA82B7C55C8003468F0 /* NewPlayerView.swift in Sources */,
				3EF472CD2B76CC030018276A /* Player.swift in Sources */,
				07D9DD772AD3787B00EA6D90 /* NewGameView.swift in Sources */,
			);
			runOnlyForDeploymentPostprocessing = 0;
		};
/* End PBXSourcesBuildPhase section */

/* Begin XCBuildConfiguration section */
		076444B32ACD1C0500E39F12 /* Debug */ = {
			isa = XCBuildConfiguration;
			buildSettings = {
				ALWAYS_SEARCH_USER_PATHS = NO;
				ASSETCATALOG_COMPILER_GENERATE_SWIFT_ASSET_SYMBOL_EXTENSIONS = YES;
				CLANG_ANALYZER_NONNULL = YES;
				CLANG_ANALYZER_NUMBER_OBJECT_CONVERSION = YES_AGGRESSIVE;
				CLANG_CXX_LANGUAGE_STANDARD = "gnu++20";
				CLANG_ENABLE_MODULES = YES;
				CLANG_ENABLE_OBJC_ARC = YES;
				CLANG_ENABLE_OBJC_WEAK = YES;
				CLANG_WARN_BLOCK_CAPTURE_AUTORELEASING = YES;
				CLANG_WARN_BOOL_CONVERSION = YES;
				CLANG_WARN_COMMA = YES;
				CLANG_WARN_CONSTANT_CONVERSION = YES;
				CLANG_WARN_DEPRECATED_OBJC_IMPLEMENTATIONS = YES;
				CLANG_WARN_DIRECT_OBJC_ISA_USAGE = YES_ERROR;
				CLANG_WARN_DOCUMENTATION_COMMENTS = YES;
				CLANG_WARN_EMPTY_BODY = YES;
				CLANG_WARN_ENUM_CONVERSION = YES;
				CLANG_WARN_INFINITE_RECURSION = YES;
				CLANG_WARN_INT_CONVERSION = YES;
				CLANG_WARN_NON_LITERAL_NULL_CONVERSION = YES;
				CLANG_WARN_OBJC_IMPLICIT_RETAIN_SELF = YES;
				CLANG_WARN_OBJC_LITERAL_CONVERSION = YES;
				CLANG_WARN_OBJC_ROOT_CLASS = YES_ERROR;
				CLANG_WARN_QUOTED_INCLUDE_IN_FRAMEWORK_HEADER = YES;
				CLANG_WARN_RANGE_LOOP_ANALYSIS = YES;
				CLANG_WARN_STRICT_PROTOTYPES = YES;
				CLANG_WARN_SUSPICIOUS_MOVE = YES;
				CLANG_WARN_UNGUARDED_AVAILABILITY = YES_AGGRESSIVE;
				CLANG_WARN_UNREACHABLE_CODE = YES;
				CLANG_WARN__DUPLICATE_METHOD_MATCH = YES;
				COPY_PHASE_STRIP = NO;
				DEBUG_INFORMATION_FORMAT = dwarf;
				ENABLE_STRICT_OBJC_MSGSEND = YES;
				ENABLE_TESTABILITY = YES;
				ENABLE_USER_SCRIPT_SANDBOXING = YES;
				GCC_C_LANGUAGE_STANDARD = gnu17;
				GCC_DYNAMIC_NO_PIC = NO;
				GCC_NO_COMMON_BLOCKS = YES;
				GCC_OPTIMIZATION_LEVEL = 0;
				GCC_PREPROCESSOR_DEFINITIONS = (
					"DEBUG=1",
					"$(inherited)",
				);
				GCC_WARN_64_TO_32_BIT_CONVERSION = YES;
				GCC_WARN_ABOUT_RETURN_TYPE = YES_ERROR;
				GCC_WARN_UNDECLARED_SELECTOR = YES;
				GCC_WARN_UNINITIALIZED_AUTOS = YES_AGGRESSIVE;
				GCC_WARN_UNUSED_FUNCTION = YES;
				GCC_WARN_UNUSED_VARIABLE = YES;
				IPHONEOS_DEPLOYMENT_TARGET = 17.0;
				LOCALIZATION_PREFERS_STRING_CATALOGS = YES;
				MTL_ENABLE_DEBUG_INFO = INCLUDE_SOURCE;
				MTL_FAST_MATH = YES;
				ONLY_ACTIVE_ARCH = YES;
				SDKROOT = iphoneos;
				SWIFT_ACTIVE_COMPILATION_CONDITIONS = "DEBUG $(inherited)";
				SWIFT_OPTIMIZATION_LEVEL = "-Onone";
			};
			name = Debug;
		};
		076444B42ACD1C0500E39F12 /* Release */ = {
			isa = XCBuildConfiguration;
			buildSettings = {
				ALWAYS_SEARCH_USER_PATHS = NO;
				ASSETCATALOG_COMPILER_GENERATE_SWIFT_ASSET_SYMBOL_EXTENSIONS = YES;
				CLANG_ANALYZER_NONNULL = YES;
				CLANG_ANALYZER_NUMBER_OBJECT_CONVERSION = YES_AGGRESSIVE;
				CLANG_CXX_LANGUAGE_STANDARD = "gnu++20";
				CLANG_ENABLE_MODULES = YES;
				CLANG_ENABLE_OBJC_ARC = YES;
				CLANG_ENABLE_OBJC_WEAK = YES;
				CLANG_WARN_BLOCK_CAPTURE_AUTORELEASING = YES;
				CLANG_WARN_BOOL_CONVERSION = YES;
				CLANG_WARN_COMMA = YES;
				CLANG_WARN_CONSTANT_CONVERSION = YES;
				CLANG_WARN_DEPRECATED_OBJC_IMPLEMENTATIONS = YES;
				CLANG_WARN_DIRECT_OBJC_ISA_USAGE = YES_ERROR;
				CLANG_WARN_DOCUMENTATION_COMMENTS = YES;
				CLANG_WARN_EMPTY_BODY = YES;
				CLANG_WARN_ENUM_CONVERSION = YES;
				CLANG_WARN_INFINITE_RECURSION = YES;
				CLANG_WARN_INT_CONVERSION = YES;
				CLANG_WARN_NON_LITERAL_NULL_CONVERSION = YES;
				CLANG_WARN_OBJC_IMPLICIT_RETAIN_SELF = YES;
				CLANG_WARN_OBJC_LITERAL_CONVERSION = YES;
				CLANG_WARN_OBJC_ROOT_CLASS = YES_ERROR;
				CLANG_WARN_QUOTED_INCLUDE_IN_FRAMEWORK_HEADER = YES;
				CLANG_WARN_RANGE_LOOP_ANALYSIS = YES;
				CLANG_WARN_STRICT_PROTOTYPES = YES;
				CLANG_WARN_SUSPICIOUS_MOVE = YES;
				CLANG_WARN_UNGUARDED_AVAILABILITY = YES_AGGRESSIVE;
				CLANG_WARN_UNREACHABLE_CODE = YES;
				CLANG_WARN__DUPLICATE_METHOD_MATCH = YES;
				COPY_PHASE_STRIP = NO;
				DEBUG_INFORMATION_FORMAT = "dwarf-with-dsym";
				ENABLE_NS_ASSERTIONS = NO;
				ENABLE_STRICT_OBJC_MSGSEND = YES;
				ENABLE_USER_SCRIPT_SANDBOXING = YES;
				GCC_C_LANGUAGE_STANDARD = gnu17;
				GCC_NO_COMMON_BLOCKS = YES;
				GCC_WARN_64_TO_32_BIT_CONVERSION = YES;
				GCC_WARN_ABOUT_RETURN_TYPE = YES_ERROR;
				GCC_WARN_UNDECLARED_SELECTOR = YES;
				GCC_WARN_UNINITIALIZED_AUTOS = YES_AGGRESSIVE;
				GCC_WARN_UNUSED_FUNCTION = YES;
				GCC_WARN_UNUSED_VARIABLE = YES;
				IPHONEOS_DEPLOYMENT_TARGET = 17.0;
				LOCALIZATION_PREFERS_STRING_CATALOGS = YES;
				MTL_ENABLE_DEBUG_INFO = NO;
				MTL_FAST_MATH = YES;
				SDKROOT = iphoneos;
				SWIFT_COMPILATION_MODE = wholemodule;
				VALIDATE_PRODUCT = YES;
			};
			name = Release;
		};
		076444B62ACD1C0500E39F12 /* Debug */ = {
			isa = XCBuildConfiguration;
			buildSettings = {
				ASSETCATALOG_COMPILER_APPICON_NAME = AppIcon;
				ASSETCATALOG_COMPILER_GLOBAL_ACCENT_COLOR_NAME = AccentColor;
				CODE_SIGN_STYLE = Automatic;
				CURRENT_PROJECT_VERSION = 1;
				DEVELOPMENT_ASSET_PATHS = "\"iScore/Preview Content\"";
				DEVELOPMENT_TEAM = 5G4KHSNPYL;
				ENABLE_PREVIEWS = YES;
				GENERATE_INFOPLIST_FILE = YES;
				INFOPLIST_FILE = iScore/Info.plist;
				INFOPLIST_KEY_CFBundleDisplayName = iScoreDominoes;
				INFOPLIST_KEY_LSApplicationCategoryType = "public.app-category.games";
				INFOPLIST_KEY_UIApplicationSceneManifest_Generation = YES;
				INFOPLIST_KEY_UIApplicationSupportsIndirectInputEvents = YES;
				INFOPLIST_KEY_UILaunchScreen_Generation = YES;
				INFOPLIST_KEY_UIRequiresFullScreen = YES;
				INFOPLIST_KEY_UIStatusBarHidden = YES;
				INFOPLIST_KEY_UISupportedInterfaceOrientations = UIInterfaceOrientationPortrait;
				LD_RUNPATH_SEARCH_PATHS = (
					"$(inherited)",
					"@executable_path/Frameworks",
				);
				MARKETING_VERSION = 1.3;
				PRODUCT_BUNDLE_IDENTIFIER = SwiftDomainUI.iScore;
				PRODUCT_NAME = "$(TARGET_NAME)";
				SUPPORTED_PLATFORMS = "iphoneos iphonesimulator";
				SUPPORTS_MACCATALYST = NO;
				SWIFT_EMIT_LOC_STRINGS = YES;
				SWIFT_VERSION = 5.0;
				TARGETED_DEVICE_FAMILY = "1,2";
			};
			name = Debug;
		};
		076444B72ACD1C0500E39F12 /* Release */ = {
			isa = XCBuildConfiguration;
			buildSettings = {
				ASSETCATALOG_COMPILER_APPICON_NAME = AppIcon;
				ASSETCATALOG_COMPILER_GLOBAL_ACCENT_COLOR_NAME = AccentColor;
				CODE_SIGN_STYLE = Automatic;
				CURRENT_PROJECT_VERSION = 1;
				DEVELOPMENT_ASSET_PATHS = "\"iScore/Preview Content\"";
				DEVELOPMENT_TEAM = 5G4KHSNPYL;
				ENABLE_PREVIEWS = YES;
				GENERATE_INFOPLIST_FILE = YES;
				INFOPLIST_FILE = iScore/Info.plist;
				INFOPLIST_KEY_CFBundleDisplayName = iScoreDominoes;
				INFOPLIST_KEY_LSApplicationCategoryType = "public.app-category.games";
				INFOPLIST_KEY_UIApplicationSceneManifest_Generation = YES;
				INFOPLIST_KEY_UIApplicationSupportsIndirectInputEvents = YES;
				INFOPLIST_KEY_UILaunchScreen_Generation = YES;
				INFOPLIST_KEY_UIRequiresFullScreen = YES;
				INFOPLIST_KEY_UIStatusBarHidden = YES;
				INFOPLIST_KEY_UISupportedInterfaceOrientations = UIInterfaceOrientationPortrait;
				LD_RUNPATH_SEARCH_PATHS = (
					"$(inherited)",
					"@executable_path/Frameworks",
				);
				MARKETING_VERSION = 1.3;
				PRODUCT_BUNDLE_IDENTIFIER = SwiftDomainUI.iScore;
				PRODUCT_NAME = "$(TARGET_NAME)";
				SUPPORTED_PLATFORMS = "iphoneos iphonesimulator";
				SUPPORTS_MACCATALYST = NO;
				SWIFT_EMIT_LOC_STRINGS = YES;
				SWIFT_VERSION = 5.0;
				TARGETED_DEVICE_FAMILY = "1,2";
			};
			name = Release;
		};
/* End XCBuildConfiguration section */

/* Begin XCConfigurationList section */
		076444A02ACD1C0200E39F12 /* Build configuration list for PBXProject "iScore" */ = {
			isa = XCConfigurationList;
			buildConfigurations = (
				076444B32ACD1C0500E39F12 /* Debug */,
				076444B42ACD1C0500E39F12 /* Release */,
			);
			defaultConfigurationIsVisible = 0;
			defaultConfigurationName = Release;
		};
		076444B52ACD1C0500E39F12 /* Build configuration list for PBXNativeTarget "iScore" */ = {
			isa = XCConfigurationList;
			buildConfigurations = (
				076444B62ACD1C0500E39F12 /* Debug */,
				076444B72ACD1C0500E39F12 /* Release */,
			);
			defaultConfigurationIsVisible = 0;
			defaultConfigurationName = Release;
		};
/* End XCConfigurationList section */
	};
	rootObject = 0764449D2ACD1C0200E39F12 /* Project object */;
}
